{
  "originHash" : "7d6b34f06e5ea01c0b65d75d69de9e534f3a732ee4f3ede4d080a6b036050815",
  "pins" : [
    {
      "identity" : "lottie-ios",
      "kind" : "remoteSourceControl",
      "location" : "https://github.com/airbnb/lottie-ios",
      "state" : {
        "revision" : "047aa81b77adcbf583a966dfef620d17650cc656",
        "version" : "4.5.1"
      }
    },
    {
      "identity" : "mediakeytap",
      "kind" : "remoteSourceControl",
      "location" : "https://github.com/AlexPerathoner/MediaKeyTap",
      "state" : {
        "branch" : "master",
        "revision" : "bd1402a89a0f0caa9b0a6cd0cc9b76fe55bf3f4e"
      }
    }
  ],
  "version" : 3
}
